Microsoft Visual Studio Solution File, Format Version 12.00
# Visual Studio Version 17
VisualStudioVersion = 17.5.2.0
MinimumVisualStudioVersion = 10.0.40219.1
Project("{FAE04EC0-301F-11D3-BF4B-00C04F79EFBC}") = "SubstanciasAPI", "SubstanciasAPI.csproj", "{302C5803-DF53-5A16-9123-216372DD8800}"
EndProject
Global
	GlobalSection(SolutionConfigurationPlatforms) = preSolution
		Debug|Any CPU = Debug|Any CPU
		Release|Any CPU = Release|Any CPU
	EndGlobalSection
	GlobalSection(ProjectConfigurationPlatforms) = postSolution
		{302C5803-DF53-5A16-9123-216372DD8800}.Debug|Any CPU.ActiveCfg = Debug|Any CPU
		{302C5803-DF53-5A16-9123-216372DD8800}.Debug|Any CPU.Build.0 = Debug|Any CPU
		{302C5803-DF53-5A16-9123-216372DD8800}.Release|Any CPU.ActiveCfg = Release|Any CPU
		{302C5803-DF53-5A16-9123-216372DD8800}.Release|Any CPU.Build.0 = Release|Any CPU
	EndGlobalSection
	GlobalSection(SolutionProperties) = preSolution
		HideSolutionNode = FALSE
	EndGlobalSection
	GlobalSection(ExtensibilityGlobals) = postSolution
		SolutionGuid = {967B6814-C6D0-43EA-BDE2-7FE61D7DAE80}
	EndGlobalSection
EndGlobal
